
Microsoft Visual Studio Solution File, Format Version 12.00
# Visual Studio Version 16
VisualStudioVersion = 16.0.29609.76
MinimumVisualStudioVersion = 10.0.40219.1
Project("{FAE04EC0-301F-11D3-BF4B-00C04F79EFBC}") = "Ex3_Angular", "Ex3_Angular.csproj", "{B622BE64-F255-447F-A737-8187C497D398}"
EndProject
Global
	GlobalSection(SolutionConfigurationPlatforms) = preSolution
		Debug|Any CPU = Debug|Any CPU
		Release|Any CPU = Release|Any CPU
	EndGlobalSection
	GlobalSection(ProjectConfigurationPlatforms) = postSolution
		{B622BE64-F255-447F-A737-8187C497D398}.Debug|Any CPU.ActiveCfg = Debug|Any CPU
		{B622BE64-F255-447F-A737-8187C497D398}.Debug|Any CPU.Build.0 = Debug|Any CPU
		{B622BE64-F255-447F-A737-8187C497D398}.Release|Any CPU.ActiveCfg = Release|Any CPU
		{B622BE64-F255-447F-A737-8187C497D398}.Release|Any CPU.Build.0 = Release|Any CPU
	EndGlobalSection
	GlobalSection(SolutionProperties) = preSolution
		HideSolutionNode = FALSE
	EndGlobalSection
	GlobalSection(ExtensibilityGlobals) = postSolution
		SolutionGuid = {F76A76D5-0AD4-4657-B568-45E6C20F7665}
	EndGlobalSection
EndGlobal
